// !$*UTF8*$!
{
	archiveVersion = 1;
	classes = {
	};
	objectVersion = 56;
	objects = {

/* Begin PBXBuildFile section */
		AF5B9CC32C519E840085C01C /* AppDelegate.swift in Sources */ = {isa = PBXBuildFile; fileRef = AF5B9CC22C519E840085C01C /* AppDelegate.swift */; };
		AF5B9CC52C519E840085C01C /* SceneDelegate.swift in Sources */ = {isa = PBXBuildFile; fileRef = AF5B9CC42C519E840085C01C /* SceneDelegate.swift */; };
		AF5B9CC72C519E840085C01C /* ViewController.swift in Sources */ = {isa = PBXBuildFile; fileRef = AF5B9CC62C519E840085C01C /* ViewController.swift */; };
		AF5B9CCA2C519E840085C01C /* Base in Resources */ = {isa = PBXBuildFile; fileRef = AF5B9CC92C519E840085C01C /* Base */; };
		AF5B9CCC2C519E850085C01C /* Assets.xcassets in Resources */ = {isa = PBXBuildFile; fileRef = AF5B9CCB2C519E850085C01C /* Assets.xcassets */; };
		AF5B9CCF2C519E850085C01C /* Base in Resources */ = {isa = PBXBuildFile; fileRef = AF5B9CCE2C519E850085C01C /* Base */; };
		AF5B9CDA2C519E850085C01C /* workTests.swift in Sources */ = {isa = PBXBuildFile; fileRef = AF5B9CD92C519E850085C01C /* workTests.swift */; };
		AF5B9CE42C519E850085C01C /* workUITests.swift in Sources */ = {isa = PBXBuildFile; fileRef = AF5B9CE32C519E850085C01C /* workUITests.swift */; };
		AF5B9CE62C519E850085C01C /* workUITestsLaunchTests.swift in Sources */ = {isa = PBXBuildFile; fileRef = AF5B9CE52C519E850085C01C /* workUITestsLaunchTests.swift */; };
/* End PBXBuildFile section */

/* Begin PBXContainerItemProxy section */
		AF5B9CD62C519E850085C01C /* PBXContainerItemProxy */ = {
			isa = PBXContainerItemProxy;
			containerPortal = AF5B9CB72C519E840085C01C /* Project object */;
			proxyType = 1;
			remoteGlobalIDString = AF5B9CBE2C519E840085C01C;
			remoteInfo = work;
		};
		AF5B9CE02C519E850085C01C /* PBXContainerItemProxy */ = {
			isa = PBXContainerItemProxy;
			containerPortal = AF5B9CB72C519E840085C01C /* Project object */;
			proxyType = 1;
			remoteGlobalIDString = AF5B9CBE2C519E840085C01C;
			remoteInfo = work;
		};
/* End PBXContainerItemProxy section */

/* Begin PBXFileReference section */
		AF5B9CBF2C519E840085C01C /* work.app */ = {isa = PBXFileReference; explicitFileType = wrapper.application; includeInIndex = 0; path = work.app; sourceTree = BUILT_PRODUCTS_DIR; };
		AF5B9CC22C519E840085C01C /* AppDelegate.swift */ = {isa = PBXFileReference; lastKnownFileType = sourcecode.swift; path = AppDelegate.swift; sourceTree = "<group>"; };
		AF5B9CC42C519E840085C01C /* SceneDelegate.swift */ = {isa = PBXFileReference; lastKnownFileType = sourcecode.swift; path = SceneDelegate.swift; sourceTree = "<group>"; };
		AF5B9CC62C519E840085C01C /* ViewController.swift */ = {isa = PBXFileReference; lastKnownFileType = sourcecode.swift; path = ViewController.swift; sourceTree = "<group>"; };
		AF5B9CC92C519E840085C01C /* Base */ = {isa = PBXFileReference; lastKnownFileType = file.storyboard; name = Base; path = Base.lproj/Main.storyboard; sourceTree = "<group>"; };
		AF5B9CCB2C519E850085C01C /* Assets.xcassets */ = {isa = PBXFileReference; lastKnownFileType = folder.assetcatalog; path = Assets.xcassets; sourceTree = "<group>"; };
		AF5B9CCE2C519E850085C01C /* Base */ = {isa = PBXFileReference; lastKnownFileType = file.storyboard; name = Base; path = Base.lproj/LaunchScreen.storyboard; sourceTree = "<group>"; };
		AF5B9CD02C519E850085C01C /* Info.plist */ = {isa = PBXFileReference; lastKnownFileType = text.plist.xml; path = Info.plist; sourceTree = "<group>"; };
		AF5B9CD52C519E850085C01C /* workTests.xctest */ = {isa = PBXFileReference; explicitFileType = wrapper.cfbundle; includeInIndex = 0; path = workTests.xctest; sourceTree = BUILT_PRODUCTS_DIR; };
		AF5B9CD92C519E850085C01C /* workTests.swift */ = {isa = PBXFileReference; lastKnownFileType = sourcecode.swift; path = workTests.swift; sourceTree = "<group>"; };
		AF5B9CDF2C519E850085C01C /* workUITests.xctest */ = {isa = PBXFileReference; explicitFileType = wrapper.cfbundle; includeInIndex = 0; path = workUITests.xctest; sourceTree = BUILT_PRODUCTS_DIR; };
		AF5B9CE32C519E850085C01C /* workUITests.swift */ = {isa = PBXFileReference; lastKnownFileType = sourcecode.swift; path = workUITests.swift; sourceTree = "<group>"; };
		AF5B9CE52C519E850085C01C /* workUITestsLaunchTests.swift */ = {isa = PBXFileReference; lastKnownFileType = sourcecode.swift; path = workUITestsLaunchTests.swift; sourceTree = "<group>"; };
/* End PBXFileReference section */

/* Begin PBXFrameworksBuildPhase section */
		AF5B9CBC2C519E840085C01C /* Frameworks */ = {
			isa = PBXFrameworksBuildPhase;
			buildActionMask = 2147483647;
			files = (
			);
			runOnlyForDeploymentPostprocessing = 0;
		};
		AF5B9CD22C519E850085C01C /* Frameworks */ = {
			isa = PBXFrameworksBuildPhase;
			buildActionMask = 2147483647;
			files = (
			);
			runOnlyForDeploymentPostprocessing = 0;
		};
		AF5B9CDC2C519E850085C01C /* Frameworks */ = {
			isa = PBXFrameworksBuildPhase;
			buildActionMask = 2147483647;
			files = (
			);
			runOnlyForDeploymentPostprocessing = 0;
		};
/* End PBXFrameworksBuildPhase section */

/* Begin PBXGroup section */
		AF5B9CB62C519E840085C01C = {
			isa = PBXGroup;
			children = (
				AF5B9CC12C519E840085C01C /* work */,
				AF5B9CD82C519E850085C01C /* workTests */,
				AF5B9CE22C519E850085C01C /* workUITests */,
				AF5B9CC02C519E840085C01C /* Products */,
			);
			sourceTree = "<group>";
		};
		AF5B9CC02C519E840085C01C /* Products */ = {
			isa = PBXGroup;
			children = (
				AF5B9CBF2C519E840085C01C /* work.app */,
				AF5B9CD52C519E850085C01C /* workTests.xctest */,
				AF5B9CDF2C519E850085C01C /* workUITests.xctest */,
			);
			name = Products;
			sourceTree = "<group>";
		};
		AF5B9CC12C519E840085C01C /* work */ = {
			isa = PBXGroup;
			children = (
				AF5B9CC22C519E840085C01C /* AppDelegate.swift */,
				AF5B9CC42C519E840085C01C /* SceneDelegate.swift */,
				AF5B9CC62C519E840085C01C /* ViewController.swift */,
				AF5B9CC82C519E840085C01C /* Main.storyboard */,
				AF5B9CCB2C519E850085C01C /* Assets.xcassets */,
				AF5B9CCD2C519E850085C01C /* LaunchScreen.storyboard */,
				AF5B9CD02C519E850085C01C /* Info.plist */,
			);
			path = work;
			sourceTree = "<group>";
		};
		AF5B9CD82C519E850085C01C /* workTests */ = {
			isa = PBXGroup;
			children = (
				AF5B9CD92C519E850085C01C /* workTests.swift */,
			);
			path = workTests;
			sourceTree = "<group>";
		};
		AF5B9CE22C519E850085C01C /* workUITests */ = {
			isa = PBXGroup;
			children = (
				AF5B9CE32C519E850085C01C /* workUITests.swift */,
				AF5B9CE52C519E850085C01C /* workUITestsLaunchTests.swift */,
			);
			path = workUITests;
			sourceTree = "<group>";
		};
/* End PBXGroup section */

/* Begin PBXNativeTarget section */
		AF5B9CBE2C519E840085C01C /* work */ = {
			isa = PBXNativeTarget;
			buildConfigurationList = AF5B9CE92C519E850085C01C /* Build configuration list for PBXNativeTarget "work" */;
			buildPhases = (
				AF5B9CBB2C519E840085C01C /* Sources */,
				AF5B9CBC2C519E840085C01C /* Frameworks */,
				AF5B9CBD2C519E840085C01C /* Resources */,
			);
			buildRules = (
			);
			dependencies = (
			);
			name = work;
			productName = work;
			productReference = AF5B9CBF2C519E840085C01C /* work.app */;
			productType = "com.apple.product-type.application";
		};
		AF5B9CD42C519E850085C01C /* workTests */ = {
			isa = PBXNativeTarget;
			buildConfigurationList = AF5B9CEC2C519E850085C01C /* Build configuration list for PBXNativeTarget "workTests" */;
			buildPhases = (
				AF5B9CD12C519E850085C01C /* Sources */,
				AF5B9CD22C519E850085C01C /* Frameworks */,
				AF5B9CD32C519E850085C01C /* Resources */,
			);
			buildRules = (
			);
			dependencies = (
				AF5B9CD72C519E850085C01C /* PBXTargetDependency */,
			);
			name = workTests;
			productName = workTests;
			productReference = AF5B9CD52C519E850085C01C /* workTests.xctest */;
			productType = "com.apple.product-type.bundle.unit-test";
		};
		AF5B9CDE2C519E850085C01C /* workUITests */ = {
			isa = PBXNativeTarget;
			buildConfigurationList = AF5B9CEF2C519E850085C01C /* Build configuration list for PBXNativeTarget "workUITests" */;
			buildPhases = (
				AF5B9CDB2C519E850085C01C /* Sources */,
				AF5B9CDC2C519E850085C01C /* Frameworks */,
				AF5B9CDD2C519E850085C01C /* Resources */,
			);
			buildRules = (
			);
			dependencies = (
				AF5B9CE12C519E850085C01C /* PBXTargetDependency */,
			);
			name = workUITests;
			productName = workUITests;
			productReference = AF5B9CDF2C519E850085C01C /* workUITests.xctest */;
			productType = "com.apple.product-type.bundle.ui-testing";
		};
/* End PBXNativeTarget section */

/* Begin PBXProject section */
		AF5B9CB72C519E840085C01C /* Project object */ = {
			isa = PBXProject;
			attributes = {
				BuildIndependentTargetsInParallel = 1;
				LastSwiftUpdateCheck = 1540;
				LastUpgradeCheck = 1540;
				TargetAttributes = {
					AF5B9CBE2C519E840085C01C = {
						CreatedOnToolsVersion = 15.4;
					};
					AF5B9CD42C519E850085C01C = {
						CreatedOnToolsVersion = 15.4;
						TestTargetID = AF5B9CBE2C519E840085C01C;
					};
					AF5B9CDE2C519E850085C01C = {
						CreatedOnToolsVersion = 15.4;
						TestTargetID = AF5B9CBE2C519E840085C01C;
					};
				};
			};
			buildConfigurationList = AF5B9CBA2C519E840085C01C /* Build configuration list for PBXProject "work" */;
			compatibilityVersion = "Xcode 14.0";
			developmentRegion = en;
			hasScannedForEncodings = 0;
			knownRegions = (
				en,
				Base,
			);
			mainGroup = AF5B9CB62C519E840085C01C;
			productRefGroup = AF5B9CC02C519E840085C01C /* Products */;
			projectDirPath = "";
			projectRoot = "";
			targets = (
				AF5B9CBE2C519E840085C01C /* work */,
				AF5B9CD42C519E850085C01C /* workTests */,
				AF5B9CDE2C519E850085C01C /* workUITests */,
			);
		};
/* End PBXProject section */

/* Begin PBXResourcesBuildPhase section */
		AF5B9CBD2C519E840085C01C /* Resources */ = {
			isa = PBXResourcesBuildPhase;
			buildActionMask = 2147483647;
			files = (
				AF5B9CCC2C519E850085C01C /* Assets.xcassets in Resources */,
				AF5B9CCF2C519E850085C01C /* Base in Resources */,
				AF5B9CCA2C519E840085C01C /* Base in Resources */,
			);
			runOnlyForDeploymentPostprocessing = 0;
		};
		AF5B9CD32C519E850085C01C /* Resources */ = {
			isa = PBXResourcesBuildPhase;
			buildActionMask = 2147483647;
			files = (
			);
			runOnlyForDeploymentPostprocessing = 0;
		};
		AF5B9CDD2C519E850085C01C /* Resources */ = {
			isa = PBXResourcesBuildPhase;
			buildActionMask = 2147483647;
			files = (
			);
			runOnlyForDeploymentPostprocessing = 0;
		};
/* End PBXResourcesBuildPhase section */

/* Begin PBXSourcesBuildPhase section */
		AF5B9CBB2C519E840085C01C /* Sources */ = {
			isa = PBXSourcesBuildPhase;
			buildActionMask = 2147483647;
			files = (
				AF5B9CC72C519E840085C01C /* ViewController.swift in Sources */,
				AF5B9CC32C519E840085C01C /* AppDelegate.swift in Sources */,
				AF5B9CC52C519E840085C01C /* SceneDelegate.swift in Sources */,
			);
			runOnlyForDeploymentPostprocessing = 0;
		};
		AF5B9CD12C519E850085C01C /* Sources */ = {
			isa = PBXSourcesBuildPhase;
			buildActionMask = 2147483647;
			files = (
				AF5B9CDA2C519E850085C01C /* workTests.swift in Sources */,
			);
			runOnlyForDeploymentPostprocessing = 0;
		};
		AF5B9CDB2C519E850085C01C /* Sources */ = {
			isa = PBXSourcesBuildPhase;
			buildActionMask = 2147483647;
			files = (
				AF5B9CE42C519E850085C01C /* workUITests.swift in Sources */,
				AF5B9CE62C519E850085C01C /* workUITestsLaunchTests.swift in Sources */,
			);
			runOnlyForDeploymentPostprocessing = 0;
		};
/* End PBXSourcesBuildPhase section */

/* Begin PBXTargetDependency section */
		AF5B9CD72C519E850085C01C /* PBXTargetDependency */ = {
			isa = PBXTargetDependency;
			target = AF5B9CBE2C519E840085C01C /* work */;
			targetProxy = AF5B9CD62C519E850085C01C /* PBXContainerItemProxy */;
		};
		AF5B9CE12C519E850085C01C /* PBXTargetDependency */ = {
			isa = PBXTargetDependency;
			target = AF5B9CBE2C519E840085C01C /* work */;
			targetProxy = AF5B9CE02C519E850085C01C /* PBXContainerItemProxy */;
		};
/* End PBXTargetDependency section */

/* Begin PBXVariantGroup section */
		AF5B9CC82C519E840085C01C /* Main.storyboard */ = {
			isa = PBXVariantGroup;
			children = (
				AF5B9CC92C519E840085C01C /* Base */,
			);
			name = Main.storyboard;
			sourceTree = "<group>";
		};
		AF5B9CCD2C519E850085C01C /* LaunchScreen.storyboard */ = {
			isa = PBXVariantGroup;
			children = (
				AF5B9CCE2C519E850085C01C /* Base */,
			);
			name = LaunchScreen.storyboard;
			sourceTree = "<group>";
		};
/* End PBXVariantGroup section */

/* Begin XCBuildConfiguration section */
		AF5B9CE72C519E850085C01C /* Debug */ = {
			isa = XCBuildConfiguration;
			buildSettings = {
				ALWAYS_SEARCH_USER_PATHS = NO;
				ASSETCATALOG_COMPILER_GENERATE_SWIFT_ASSET_SYMBOL_EXTENSIONS = YES;
				CLANG_ANALYZER_NONNULL = YES;
				CLANG_ANALYZER_NUMBER_OBJECT_CONVERSION = YES_AGGRESSIVE;
				CLANG_CXX_LANGUAGE_STANDARD = "gnu++20";
				CLANG_ENABLE_MODULES = YES;
				CLANG_ENABLE_OBJC_ARC = YES;
				CLANG_ENABLE_OBJC_WEAK = YES;
				CLANG_WARN_BLOCK_CAPTURE_AUTORELEASING = YES;
				CLANG_WARN_BOOL_CONVERSION = YES;
				CLANG_WARN_COMMA = YES;
				CLANG_WARN_CONSTANT_CONVERSION = YES;
				CLANG_WARN_DEPRECATED_OBJC_IMPLEMENTATIONS = YES;
				CLANG_WARN_DIRECT_OBJC_ISA_USAGE = YES_ERROR;
				CLANG_WARN_DOCUMENTATION_COMMENTS = YES;
				CLANG_WARN_EMPTY_BODY = YES;
				CLANG_WARN_ENUM_CONVERSION = YES;
				CLANG_WARN_INFINITE_RECURSION = YES;
				CLANG_WARN_INT_CONVERSION = YES;
				CLANG_WARN_NON_LITERAL_NULL_CONVERSION = YES;
				CLANG_WARN_OBJC_IMPLICIT_RETAIN_SELF = YES;
				CLANG_WARN_OBJC_LITERAL_CONVERSION = YES;
				CLANG_WARN_OBJC_ROOT_CLASS = YES_ERROR;
				CLANG_WARN_QUOTED_INCLUDE_IN_FRAMEWORK_HEADER = YES;
				CLANG_WARN_RANGE_LOOP_ANALYSIS = YES;
				CLANG_WARN_STRICT_PROTOTYPES = YES;
				CLANG_WARN_SUSPICIOUS_MOVE = YES;
				CLANG_WARN_UNGUARDED_AVAILABILITY = YES_AGGRESSIVE;
				CLANG_WARN_UNREACHABLE_CODE = YES;
				CLANG_WARN__DUPLICATE_METHOD_MATCH = YES;
				COPY_PHASE_STRIP = NO;
				DEBUG_INFORMATION_FORMAT = dwarf;
				ENABLE_STRICT_OBJC_MSGSEND = YES;
				ENABLE_TESTABILITY = YES;
				ENABLE_USER_SCRIPT_SANDBOXING = YES;
				GCC_C_LANGUAGE_STANDARD = gnu17;
				GCC_DYNAMIC_NO_PIC = NO;
				GCC_NO_COMMON_BLOCKS = YES;
				GCC_OPTIMIZATION_LEVEL = 0;
				GCC_PREPROCESSOR_DEFINITIONS = (
					"DEBUG=1",
					"$(inherited)",
				);
				GCC_WARN_64_TO_32_BIT_CONVERSION = YES;
				GCC_WARN_ABOUT_RETURN_TYPE = YES_ERROR;
				GCC_WARN_UNDECLARED_SELECTOR = YES;
				GCC_WARN_UNINITIALIZED_AUTOS = YES_AGGRESSIVE;
				GCC_WARN_UNUSED_FUNCTION = YES;
				GCC_WARN_UNUSED_VARIABLE = YES;
				IPHONEOS_DEPLOYMENT_TARGET = 17.5;
				LOCALIZATION_PREFERS_STRING_CATALOGS = YES;
				MTL_ENABLE_DEBUG_INFO = INCLUDE_SOURCE;
				MTL_FAST_MATH = YES;
				ONLY_ACTIVE_ARCH = YES;
				SDKROOT = iphoneos;
				SWIFT_ACTIVE_COMPILATION_CONDITIONS = "DEBUG $(inherited)";
				SWIFT_OPTIMIZATION_LEVEL = "-Onone";
			};
			name = Debug;
		};
		AF5B9CE82C519E850085C01C /* Release */ = {
			isa = XCBuildConfiguration;
			buildSettings = {
				ALWAYS_SEARCH_USER_PATHS = NO;
				ASSETCATALOG_COMPILER_GENERATE_SWIFT_ASSET_SYMBOL_EXTENSIONS = YES;
				CLANG_ANALYZER_NONNULL = YES;
				CLANG_ANALYZER_NUMBER_OBJECT_CONVERSION = YES_AGGRESSIVE;
				CLANG_CXX_LANGUAGE_STANDARD = "gnu++20";
				CLANG_ENABLE_MODULES = YES;
				CLANG_ENABLE_OBJC_ARC = YES;
				CLANG_ENABLE_OBJC_WEAK = YES;
				CLANG_WARN_BLOCK_CAPTURE_AUTORELEASING = YES;
				CLANG_WARN_BOOL_CONVERSION = YES;
				CLANG_WARN_COMMA = YES;
				CLANG_WARN_CONSTANT_CONVERSION = YES;
				CLANG_WARN_DEPRECATED_OBJC_IMPLEMENTATIONS = YES;
				CLANG_WARN_DIRECT_OBJC_ISA_USAGE = YES_ERROR;
				CLANG_WARN_DOCUMENTATION_COMMENTS = YES;
				CLANG_WARN_EMPTY_BODY = YES;
				CLANG_WARN_ENUM_CONVERSION = YES;
				CLANG_WARN_INFINITE_RECURSION = YES;
				CLANG_WARN_INT_CONVERSION = YES;
				CLANG_WARN_NON_LITERAL_NULL_CONVERSION = YES;
				CLANG_WARN_OBJC_IMPLICIT_RETAIN_SELF = YES;
				CLANG_WARN_OBJC_LITERAL_CONVERSION = YES;
				CLANG_WARN_OBJC_ROOT_CLASS = YES_ERROR;
				CLANG_WARN_QUOTED_INCLUDE_IN_FRAMEWORK_HEADER = YES;
				CLANG_WARN_RANGE_LOOP_ANALYSIS = YES;
				CLANG_WARN_STRICT_PROTOTYPES = YES;
				CLANG_WARN_SUSPICIOUS_MOVE = YES;
				CLANG_WARN_UNGUARDED_AVAILABILITY = YES_AGGRESSIVE;
				CLANG_WARN_UNREACHABLE_CODE = YES;
				CLANG_WARN__DUPLICATE_METHOD_MATCH = YES;
				COPY_PHASE_STRIP = NO;
				DEBUG_INFORMATION_FORMAT = "dwarf-with-dsym";
				ENABLE_NS_ASSERTIONS = NO;
				ENABLE_STRICT_OBJC_MSGSEND = YES;
				ENABLE_USER_SCRIPT_SANDBOXING = YES;
				GCC_C_LANGUAGE_STANDARD = gnu17;
				GCC_NO_COMMON_BLOCKS = YES;
				GCC_WARN_64_TO_32_BIT_CONVERSION = YES;
				GCC_WARN_ABOUT_RETURN_TYPE = YES_ERROR;
				GCC_WARN_UNDECLARED_SELECTOR = YES;
				GCC_WARN_UNINITIALIZED_AUTOS = YES_AGGRESSIVE;
				GCC_WARN_UNUSED_FUNCTION = YES;
				GCC_WARN_UNUSED_VARIABLE = YES;
				IPHONEOS_DEPLOYMENT_TARGET = 17.5;
				LOCALIZATION_PREFERS_STRING_CATALOGS = YES;
				MTL_ENABLE_DEBUG_INFO = NO;
				MTL_FAST_MATH = YES;
				SDKROOT = iphoneos;
				SWIFT_COMPILATION_MODE = wholemodule;
				VALIDATE_PRODUCT = YES;
			};
			name = Release;
		};
		AF5B9CEA2C519E850085C01C /* Debug */ = {
			isa = XCBuildConfiguration;
			buildSettings = {
				ASSETCATALOG_COMPILER_APPICON_NAME = AppIcon;
				ASSETCATALOG_COMPILER_GLOBAL_ACCENT_COLOR_NAME = AccentColor;
				CODE_SIGN_STYLE = Automatic;
				CURRENT_PROJECT_VERSION = 1;
				DEVELOPMENT_TEAM = 4HTW6HR74X;
				GENERATE_INFOPLIST_FILE = YES;
				INFOPLIST_FILE = work/Info.plist;
				INFOPLIST_KEY_UIApplicationSupportsIndirectInputEvents = YES;
				INFOPLIST_KEY_UILaunchStoryboardName = LaunchScreen;
				INFOPLIST_KEY_UIMainStoryboardFile = Main;
				INFOPLIST_KEY_UISupportedInterfaceOrientations_iPad = "UIInterfaceOrientationPortrait UIInterfaceOrientationPortraitUpsideDown UIInterfaceOrientationLandscapeLeft UIInterfaceOrientationLandscapeRight";
				INFOPLIST_KEY_UISupportedInterfaceOrientations_iPhone = "UIInterfaceOrientationPortrait UIInterfaceOrientationLandscapeLeft UIInterfaceOrientationLandscapeRight";
				LD_RUNPATH_SEARCH_PATHS = (
					"$(inherited)",
					"@executable_path/Frameworks",
				);
				MARKETING_VERSION = 1.0;
				PRODUCT_BUNDLE_IDENTIFIER = test.work;
				PRODUCT_NAME = "$(TARGET_NAME)";
				SWIFT_EMIT_LOC_STRINGS = YES;
				SWIFT_VERSION = 5.0;
				TARGETED_DEVICE_FAMILY = "1,2";
			};
			name = Debug;
		};
		AF5B9CEB2C519E850085C01C /* Release */ = {
			isa = XCBuildConfiguration;
			buildSettings = {
				ASSETCATALOG_COMPILER_APPICON_NAME = AppIcon;
				ASSETCATALOG_COMPILER_GLOBAL_ACCENT_COLOR_NAME = AccentColor;
				CODE_SIGN_STYLE = Automatic;
				CURRENT_PROJECT_VERSION = 1;
				DEVELOPMENT_TEAM = 4HTW6HR74X;
				GENERATE_INFOPLIST_FILE = YES;
				INFOPLIST_FILE = work/Info.plist;
				INFOPLIST_KEY_UIApplicationSupportsIndirectInputEvents = YES;
				INFOPLIST_KEY_UILaunchStoryboardName = LaunchScreen;
				INFOPLIST_KEY_UIMainStoryboardFile = Main;
				INFOPLIST_KEY_UISupportedInterfaceOrientations_iPad = "UIInterfaceOrientationPortrait UIInterfaceOrientationPortraitUpsideDown UIInterfaceOrientationLandscapeLeft UIInterfaceOrientationLandscapeRight";
				INFOPLIST_KEY_UISupportedInterfaceOrientations_iPhone = "UIInterfaceOrientationPortrait UIInterfaceOrientationLandscapeLeft UIInterfaceOrientationLandscapeRight";
				LD_RUNPATH_SEARCH_PATHS = (
					"$(inherited)",
					"@executable_path/Frameworks",
				);
				MARKETING_VERSION = 1.0;
				PRODUCT_BUNDLE_IDENTIFIER = test.work;
				PRODUCT_NAME = "$(TARGET_NAME)";
				SWIFT_EMIT_LOC_STRINGS = YES;
				SWIFT_VERSION = 5.0;
				TARGETED_DEVICE_FAMILY = "1,2";
			};
			name = Release;
		};
		AF5B9CED2C519E850085C01C /* Debug */ = {
			isa = XCBuildConfiguration;
			buildSettings = {
				ALWAYS_EMBED_SWIFT_STANDARD_LIBRARIES = YES;
				BUNDLE_LOADER = "$(TEST_HOST)";
				CODE_SIGN_STYLE = Automatic;
				CURRENT_PROJECT_VERSION = 1;
				DEVELOPMENT_TEAM = 4HTW6HR74X;
				GENERATE_INFOPLIST_FILE = YES;
				IPHONEOS_DEPLOYMENT_TARGET = 17.5;
				MARKETING_VERSION = 1.0;
				PRODUCT_BUNDLE_IDENTIFIER = test.workTests;
				PRODUCT_NAME = "$(TARGET_NAME)";
				SWIFT_EMIT_LOC_STRINGS = NO;
				SWIFT_VERSION = 5.0;
				TARGETED_DEVICE_FAMILY = "1,2";
				TEST_HOST = "$(BUILT_PRODUCTS_DIR)/work.app/$(BUNDLE_EXECUTABLE_FOLDER_PATH)/work";
			};
			name = Debug;
		};
		AF5B9CEE2C519E850085C01C /* Release */ = {
			isa = XCBuildConfiguration;
			buildSettings = {
				ALWAYS_EMBED_SWIFT_STANDARD_LIBRARIES = YES;
				BUNDLE_LOADER = "$(TEST_HOST)";
				CODE_SIGN_STYLE = Automatic;
				CURRENT_PROJECT_VERSION = 1;
				DEVELOPMENT_TEAM = 4HTW6HR74X;
				GENERATE_INFOPLIST_FILE = YES;
				IPHONEOS_DEPLOYMENT_TARGET = 17.5;
				MARKETING_VERSION = 1.0;
				PRODUCT_BUNDLE_IDENTIFIER = test.workTests;
				PRODUCT_NAME = "$(TARGET_NAME)";
				SWIFT_EMIT_LOC_STRINGS = NO;
				SWIFT_VERSION = 5.0;
				TARGETED_DEVICE_FAMILY = "1,2";
				TEST_HOST = "$(BUILT_PRODUCTS_DIR)/work.app/$(BUNDLE_EXECUTABLE_FOLDER_PATH)/work";
			};
			name = Release;
		};
		AF5B9CF02C519E850085C01C /* Debug */ = {
			isa = XCBuildConfiguration;
			buildSettings = {
				ALWAYS_EMBED_SWIFT_STANDARD_LIBRARIES = YES;
				CODE_SIGN_STYLE = Automatic;
				CURRENT_PROJECT_VERSION = 1;
				DEVELOPMENT_TEAM = 4HTW6HR74X;
				GENERATE_INFOPLIST_FILE = YES;
				MARKETING_VERSION = 1.0;
				PRODUCT_BUNDLE_IDENTIFIER = test.workUITests;
				PRODUCT_NAME = "$(TARGET_NAME)";
				SWIFT_EMIT_LOC_STRINGS = NO;
				SWIFT_VERSION = 5.0;
				TARGETED_DEVICE_FAMILY = "1,2";
				TEST_TARGET_NAME = work;
			};
			name = Debug;
		};
		AF5B9CF12C519E850085C01C /* Release */ = {
			isa = XCBuildConfiguration;
			buildSettings = {
				ALWAYS_EMBED_SWIFT_STANDARD_LIBRARIES = YES;
				CODE_SIGN_STYLE = Automatic;
				CURRENT_PROJECT_VERSION = 1;
				DEVELOPMENT_TEAM = 4HTW6HR74X;
				GENERATE_INFOPLIST_FILE = YES;
				MARKETING_VERSION = 1.0;
				PRODUCT_BUNDLE_IDENTIFIER = test.workUITests;
				PRODUCT_NAME = "$(TARGET_NAME)";
				SWIFT_EMIT_LOC_STRINGS = NO;
				SWIFT_VERSION = 5.0;
				TARGETED_DEVICE_FAMILY = "1,2";
				TEST_TARGET_NAME = work;
			};
			name = Release;
		};
/* End XCBuildConfiguration section */

/* Begin XCConfigurationList section */
		AF5B9CBA2C519E840085C01C /* Build configuration list for PBXProject "work" */ = {
			isa = XCConfigurationList;
			buildConfigurations = (
				AF5B9CE72C519E850085C01C /* Debug */,
				AF5B9CE82C519E850085C01C /* Release */,
			);
			defaultConfigurationIsVisible = 0;
			defaultConfigurationName = Release;
		};
		AF5B9CE92C519E850085C01C /* Build configuration list for PBXNativeTarget "work" */ = {
			isa = XCConfigurationList;
			buildConfigurations = (
				AF5B9CEA2C519E850085C01C /* Debug */,
				AF5B9CEB2C519E850085C01C /* Release */,
			);
			defaultConfigurationIsVisible = 0;
			defaultConfigurationName = Release;
		};
		AF5B9CEC2C519E850085C01C /* Build configuration list for PBXNativeTarget "workTests" */ = {
			isa = XCConfigurationList;
			buildConfigurations = (
				AF5B9CED2C519E850085C01C /* Debug */,
				AF5B9CEE2C519E850085C01C /* Release */,
			);
			defaultConfigurationIsVisible = 0;
			defaultConfigurationName = Release;
		};
		AF5B9CEF2C519E850085C01C /* Build configuration list for PBXNativeTarget "workUITests" */ = {
			isa = XCConfigurationList;
			buildConfigurations = (
				AF5B9CF02C519E850085C01C /* Debug */,
				AF5B9CF12C519E850085C01C /* Release */,
			);
			defaultConfigurationIsVisible = 0;
			defaultConfigurationName = Release;
		};
/* End XCConfigurationList section */
	};
	rootObject = AF5B9CB72C519E840085C01C /* Project object */;
}
